<Solution>
  <Folder Name="/Learnings/">
    <Project Path="AiAgentApi/AiAgentApi.csproj" Id="b5389415-fe8d-4063-9cea-b125c78eb813" />
    <Project Path="AiLearningApi/AiLearningApi.csproj" Id="012196d8-c0e7-498f-8dfc-5b906316ee2b" />
    <Project Path="MCPClientDemo/MCPClientDemo.csproj" Id="555d5484-18fe-41c9-90da-8a834a65f3c8" />
    <Project Path="MCPLearning/MCPLearning.csproj" Id="7bfa14b6-80ec-4b63-8c6d-998eed6e1d97" />
  </Folder>
  <Folder Name="/Practice/">
    <Project Path="DatabaseMcpServer/DatabaseMcpServer.csproj" Id="94f4838d-3ea0-48ba-909a-125025c20e30" />
    <Project Path="EnterpriseSqlCopilot/EnterpriseSqlCopilot.csproj" Id="842c9e3a-30e7-4dd0-89c2-5443df699fd3" />
  </Folder>
  <Folder Name="/Shopping/">
    <Project Path="ShoppingMcpServer/ShoppingMcpServer.csproj" Id="43dbb4b0-66c5-4c51-84a5-d63649baecd3" />
  </Folder>
</Solution>
